{
  "name": "viardot",
  "version": "1.0.1",
  "lockfileVersion": 2,
  "requires": true,
  "packages": {
    "": {
      "version": "1.0.1",
      "license": "MIT",
      "dependencies": {
        "freeverb": "^1.1.2",
        "rita": "^2.4.200"
      }
    },
    "node_modules/freeverb": {
      "version": "1.1.2",
      "resolved": "https://registry.npmjs.org/freeverb/-/freeverb-1.1.2.tgz",
      "integrity": "sha1-AUxabIDmNbxgZGPHYj9d2rPlqjw="
    },
    "node_modules/rita": {
      "version": "2.4.200",
      "resolved": "https://registry.npmjs.org/rita/-/rita-2.4.200.tgz",
      "integrity": "sha512-MwIakhMgIS3gv3PVhK0cWf41XCQIOxDHuEe4z7bIyTP/k1ZkF55kyAVVxo4ew8735FKLLJXkasePSy1ZOqoQ2A=="
    }
  },
  "dependencies": {
    "freeverb": {
      "version": "1.1.2",
      "resolved": "https://registry.npmjs.org/freeverb/-/freeverb-1.1.2.tgz",
      "integrity": "sha1-AUxabIDmNbxgZGPHYj9d2rPlqjw="
    },
    "rita": {
      "version": "2.4.200",
      "resolved": "https://registry.npmjs.org/rita/-/rita-2.4.200.tgz",
      "integrity": "sha512-MwIakhMgIS3gv3PVhK0cWf41XCQIOxDHuEe4z7bIyTP/k1ZkF55kyAVVxo4ew8735FKLLJXkasePSy1ZOqoQ2A=="
    }
  }
}
